
Microsoft Visual Studio Solution File, Format Version 12.00
# Visual Studio Version 17
VisualStudioVersion = 17.8.34408.163
MinimumVisualStudioVersion = 10.0.40219.1
Project("{2150E333-8FDC-42A3-9474-1A3956D46DE8}") = "Services", "Services", "{713775F4-DD74-4576-AB72-9F0DFE984614}"
EndProject
Project("{9A19103F-16F7-4668-BE54-9A1E7A4F7556}") = "Animalsy.BE.Services.PetAPI", "Animalsy.BE.Services.PetsAPI\Animalsy.BE.Services.PetAPI.csproj", "{CDCD3836-F14D-4F29-8F56-E6096231929C}"
EndProject
Project("{9A19103F-16F7-4668-BE54-9A1E7A4F7556}") = "Animalsy.BE.Services.CustomerAPI", "Animalsy.BE.Services.CustomersAPI\Animalsy.BE.Services.CustomerAPI.csproj", "{DE70A9B3-A759-4888-ADC3-6B8A12150652}"
EndProject
Project("{9A19103F-16F7-4668-BE54-9A1E7A4F7556}") = "Animalsy.BE.Services.ProductAPI", "Animalsy.BE.Services.ProductsAPI\Animalsy.BE.Services.ProductAPI.csproj", "{BF768872-8F9F-43A3-B024-37EDD5BEF7B9}"
EndProject
Project("{9A19103F-16F7-4668-BE54-9A1E7A4F7556}") = "Animalsy.BE.Services.ContractorAPI", "Animalsy.BE.Services.ContractorsAPI\Animalsy.BE.Services.ContractorAPI.csproj", "{16056AD3-2AA8-42A3-A43B-7195D9AA0B42}"
EndProject
Project("{9A19103F-16F7-4668-BE54-9A1E7A4F7556}") = "Animalsy.BE.Services.VendorAPI", "Animalsy.BE.Services.VendorsAPI\Animalsy.BE.Services.VendorAPI.csproj", "{BF2B1080-411B-4F1F-9A18-9769531D3640}"
EndProject
Project("{9A19103F-16F7-4668-BE54-9A1E7A4F7556}") = "Animalsy.BE.Services.VisitAPI", "Animalsy.BE.Services.VisitAPI\Animalsy.BE.Services.VisitAPI.csproj", "{8011A405-6A22-470E-BDEE-0D797C87C904}"
EndProject
Project("{9A19103F-16F7-4668-BE54-9A1E7A4F7556}") = "Animalsy.BE.Services.AuthAPI", "Animalsy.BE.Services.AuthAPI\Animalsy.BE.Services.AuthAPI.csproj", "{896F93E8-E80C-49A6-85F2-945F51467A2B}"
EndProject
Project("{2150E333-8FDC-42A3-9474-1A3956D46DE8}") = "Solution Items", "Solution Items", "{2FDEBC88-1284-4903-8420-BCB5283B06A2}"
	ProjectSection(SolutionItems) = preProject
		.editorconfig = .editorconfig
	EndProjectSection
EndProject
Project("{2150E333-8FDC-42A3-9474-1A3956D46DE8}") = "Gateway", "Gateway", "{425B88B0-6F80-442D-8950-C729CC034B03}"
EndProject
Project("{9A19103F-16F7-4668-BE54-9A1E7A4F7556}") = "Animalsy.BE.Gateway", "Animalsy.BE.Gateway\Animalsy.BE.Gateway.csproj", "{DF8E9EC0-0E8D-4CD5-9FFA-237B70A93C22}"
EndProject
Global
	GlobalSection(SolutionConfigurationPlatforms) = preSolution
		Debug|Any CPU = Debug|Any CPU
		Release|Any CPU = Release|Any CPU
	EndGlobalSection
	GlobalSection(ProjectConfigurationPlatforms) = postSolution
		{CDCD3836-F14D-4F29-8F56-E6096231929C}.Debug|Any CPU.ActiveCfg = Debug|Any CPU
		{CDCD3836-F14D-4F29-8F56-E6096231929C}.Debug|Any CPU.Build.0 = Debug|Any CPU
		{CDCD3836-F14D-4F29-8F56-E6096231929C}.Release|Any CPU.ActiveCfg = Release|Any CPU
		{CDCD3836-F14D-4F29-8F56-E6096231929C}.Release|Any CPU.Build.0 = Release|Any CPU
		{DE70A9B3-A759-4888-ADC3-6B8A12150652}.Debug|Any CPU.ActiveCfg = Debug|Any CPU
		{DE70A9B3-A759-4888-ADC3-6B8A12150652}.Debug|Any CPU.Build.0 = Debug|Any CPU
		{DE70A9B3-A759-4888-ADC3-6B8A12150652}.Release|Any CPU.ActiveCfg = Release|Any CPU
		{DE70A9B3-A759-4888-ADC3-6B8A12150652}.Release|Any CPU.Build.0 = Release|Any CPU
		{BF768872-8F9F-43A3-B024-37EDD5BEF7B9}.Debug|Any CPU.ActiveCfg = Debug|Any CPU
		{BF768872-8F9F-43A3-B024-37EDD5BEF7B9}.Debug|Any CPU.Build.0 = Debug|Any CPU
		{BF768872-8F9F-43A3-B024-37EDD5BEF7B9}.Release|Any CPU.ActiveCfg = Release|Any CPU
		{BF768872-8F9F-43A3-B024-37EDD5BEF7B9}.Release|Any CPU.Build.0 = Release|Any CPU
		{16056AD3-2AA8-42A3-A43B-7195D9AA0B42}.Debug|Any CPU.ActiveCfg = Debug|Any CPU
		{16056AD3-2AA8-42A3-A43B-7195D9AA0B42}.Debug|Any CPU.Build.0 = Debug|Any CPU
		{16056AD3-2AA8-42A3-A43B-7195D9AA0B42}.Release|Any CPU.ActiveCfg = Release|Any CPU
		{16056AD3-2AA8-42A3-A43B-7195D9AA0B42}.Release|Any CPU.Build.0 = Release|Any CPU
		{BF2B1080-411B-4F1F-9A18-9769531D3640}.Debug|Any CPU.ActiveCfg = Debug|Any CPU
		{BF2B1080-411B-4F1F-9A18-9769531D3640}.Debug|Any CPU.Build.0 = Debug|Any CPU
		{BF2B1080-411B-4F1F-9A18-9769531D3640}.Release|Any CPU.ActiveCfg = Release|Any CPU
		{BF2B1080-411B-4F1F-9A18-9769531D3640}.Release|Any CPU.Build.0 = Release|Any CPU
		{8011A405-6A22-470E-BDEE-0D797C87C904}.Debug|Any CPU.ActiveCfg = Debug|Any CPU
		{8011A405-6A22-470E-BDEE-0D797C87C904}.Debug|Any CPU.Build.0 = Debug|Any CPU
		{8011A405-6A22-470E-BDEE-0D797C87C904}.Release|Any CPU.ActiveCfg = Release|Any CPU
		{8011A405-6A22-470E-BDEE-0D797C87C904}.Release|Any CPU.Build.0 = Release|Any CPU
		{896F93E8-E80C-49A6-85F2-945F51467A2B}.Debug|Any CPU.ActiveCfg = Debug|Any CPU
		{896F93E8-E80C-49A6-85F2-945F51467A2B}.Debug|Any CPU.Build.0 = Debug|Any CPU
		{896F93E8-E80C-49A6-85F2-945F51467A2B}.Release|Any CPU.ActiveCfg = Release|Any CPU
		{896F93E8-E80C-49A6-85F2-945F51467A2B}.Release|Any CPU.Build.0 = Release|Any CPU
		{DF8E9EC0-0E8D-4CD5-9FFA-237B70A93C22}.Debug|Any CPU.ActiveCfg = Debug|Any CPU
		{DF8E9EC0-0E8D-4CD5-9FFA-237B70A93C22}.Debug|Any CPU.Build.0 = Debug|Any CPU
		{DF8E9EC0-0E8D-4CD5-9FFA-237B70A93C22}.Release|Any CPU.ActiveCfg = Release|Any CPU
		{DF8E9EC0-0E8D-4CD5-9FFA-237B70A93C22}.Release|Any CPU.Build.0 = Release|Any CPU
	EndGlobalSection
	GlobalSection(SolutionProperties) = preSolution
		HideSolutionNode = FALSE
	EndGlobalSection
	GlobalSection(NestedProjects) = preSolution
		{CDCD3836-F14D-4F29-8F56-E6096231929C} = {713775F4-DD74-4576-AB72-9F0DFE984614}
		{DE70A9B3-A759-4888-ADC3-6B8A12150652} = {713775F4-DD74-4576-AB72-9F0DFE984614}
		{BF768872-8F9F-43A3-B024-37EDD5BEF7B9} = {713775F4-DD74-4576-AB72-9F0DFE984614}
		{16056AD3-2AA8-42A3-A43B-7195D9AA0B42} = {713775F4-DD74-4576-AB72-9F0DFE984614}
		{BF2B1080-411B-4F1F-9A18-9769531D3640} = {713775F4-DD74-4576-AB72-9F0DFE984614}
		{8011A405-6A22-470E-BDEE-0D797C87C904} = {713775F4-DD74-4576-AB72-9F0DFE984614}
		{896F93E8-E80C-49A6-85F2-945F51467A2B} = {713775F4-DD74-4576-AB72-9F0DFE984614}
		{DF8E9EC0-0E8D-4CD5-9FFA-237B70A93C22} = {425B88B0-6F80-442D-8950-C729CC034B03}
	EndGlobalSection
	GlobalSection(ExtensibilityGlobals) = postSolution
		SolutionGuid = {E0E46E6D-3F9D-4DA3-895D-B1A376045056}
	EndGlobalSection
EndGlobal
